// !$*UTF8*$!
{
	archiveVersion = 1;
	classes = {
	};
	objectVersion = 46;
	objects = {

/* Begin PBXBuildFile section */
		951FEF261EF85EAD00067E1C /* MedicationViewController.swift in Sources */ = {isa = PBXBuildFile; fileRef = 951FEF251EF85EAD00067E1C /* MedicationViewController.swift */; };
		9537B1C81EE878DF00CF5E1B /* AllergyViewController.swift in Sources */ = {isa = PBXBuildFile; fileRef = 9537B1C71EE878DF00CF5E1B /* AllergyViewController.swift */; };
		954CE6781EE0AB6F00C1160F /* AppDelegate.swift in Sources */ = {isa = PBXBuildFile; fileRef = 954CE6771EE0AB6F00C1160F /* AppDelegate.swift */; };
		954CE67A1EE0AB6F00C1160F /* KidsViewController.swift in Sources */ = {isa = PBXBuildFile; fileRef = 954CE6791EE0AB6F00C1160F /* KidsViewController.swift */; };
		954CE67D1EE0AB6F00C1160F /* Main.storyboard in Resources */ = {isa = PBXBuildFile; fileRef = 954CE67B1EE0AB6F00C1160F /* Main.storyboard */; };
		954CE6801EE0AB6F00C1160F /* KidInfo.xcdatamodeld in Sources */ = {isa = PBXBuildFile; fileRef = 954CE67E1EE0AB6F00C1160F /* KidInfo.xcdatamodeld */; };
		954CE6821EE0AB6F00C1160F /* Assets.xcassets in Resources */ = {isa = PBXBuildFile; fileRef = 954CE6811EE0AB6F00C1160F /* Assets.xcassets */; };
		954CE6851EE0AB6F00C1160F /* LaunchScreen.storyboard in Resources */ = {isa = PBXBuildFile; fileRef = 954CE6831EE0AB6F00C1160F /* LaunchScreen.storyboard */; };
		954CE6911EE0EEB700C1160F /* KidInfoViewController.swift in Sources */ = {isa = PBXBuildFile; fileRef = 954CE6901EE0EEB700C1160F /* KidInfoViewController.swift */; };
		954CE6931EE1E4FD00C1160F /* KidTableViewCell.swift in Sources */ = {isa = PBXBuildFile; fileRef = 954CE6921EE1E4FD00C1160F /* KidTableViewCell.swift */; };
		95630AE21F24273F00B45A08 /* SettingsViewController.swift in Sources */ = {isa = PBXBuildFile; fileRef = 95630AE11F24273F00B45A08 /* SettingsViewController.swift */; };
		959C6B1D1EEAE38D00C32353 /* DoctorViewController.swift in Sources */ = {isa = PBXBuildFile; fileRef = 959C6B1C1EEAE38D00C32353 /* DoctorViewController.swift */; };
		95CA48DE1EF0063D00401E07 /* WeightViewController.swift in Sources */ = {isa = PBXBuildFile; fileRef = 95CA48DD1EF0063D00401E07 /* WeightViewController.swift */; };
		95CA48E01EF0078900401E07 /* HeightViewController.swift in Sources */ = {isa = PBXBuildFile; fileRef = 95CA48DF1EF0078900401E07 /* HeightViewController.swift */; };
		95CA48E21EF062B400401E07 /* WeightTableViewCell.swift in Sources */ = {isa = PBXBuildFile; fileRef = 95CA48E11EF062B400401E07 /* WeightTableViewCell.swift */; };
		95CA48E41EF063B100401E07 /* HeightTableViewCell.swift in Sources */ = {isa = PBXBuildFile; fileRef = 95CA48E31EF063B100401E07 /* HeightTableViewCell.swift */; };
		95CA48E61EF4BD0100401E07 /* WeightGrowthChartViewController.swift in Sources */ = {isa = PBXBuildFile; fileRef = 95CA48E51EF4BD0100401E07 /* WeightGrowthChartViewController.swift */; };
		95CA48E81EF4BD5200401E07 /* HeightGrowthChartViewController.swift in Sources */ = {isa = PBXBuildFile; fileRef = 95CA48E71EF4BD5200401E07 /* HeightGrowthChartViewController.swift */; };
		95CA48EA1EF4BF2100401E07 /* WeightTabBarController.swift in Sources */ = {isa = PBXBuildFile; fileRef = 95CA48E91EF4BF2100401E07 /* WeightTabBarController.swift */; };
		95CA48EC1EF4C33500401E07 /* HeightTabBarController.swift in Sources */ = {isa = PBXBuildFile; fileRef = 95CA48EB1EF4C33500401E07 /* HeightTabBarController.swift */; };
/* End PBXBuildFile section */

/* Begin PBXFileReference section */
		08D19F6676E8E21014BC5138 /* Pods-KidInfo.debug.xcconfig */ = {isa = PBXFileReference; includeInIndex = 1; lastKnownFileType = text.xcconfig; name = "Pods-KidInfo.debug.xcconfig"; path = "Pods/Target Support Files/Pods-KidInfo/Pods-KidInfo.debug.xcconfig"; sourceTree = "<group>"; };
		4FCBCEB6AC02F164624D6B9A /* Pods-KidInfo.release.xcconfig */ = {isa = PBXFileReference; includeInIndex = 1; lastKnownFileType = text.xcconfig; name = "Pods-KidInfo.release.xcconfig"; path = "Pods/Target Support Files/Pods-KidInfo/Pods-KidInfo.release.xcconfig"; sourceTree = "<group>"; };
		951FEF251EF85EAD00067E1C /* MedicationViewController.swift */ = {isa = PBXFileReference; fileEncoding = 4; lastKnownFileType = sourcecode.swift; path = MedicationViewController.swift; sourceTree = "<group>"; };
		9537B1C71EE878DF00CF5E1B /* AllergyViewController.swift */ = {isa = PBXFileReference; fileEncoding = 4; lastKnownFileType = sourcecode.swift; path = AllergyViewController.swift; sourceTree = "<group>"; };
		954CE6741EE0AB6F00C1160F /* KidInfo.app */ = {isa = PBXFileReference; explicitFileType = wrapper.application; includeInIndex = 0; path = KidInfo.app; sourceTree = BUILT_PRODUCTS_DIR; };
		954CE6771EE0AB6F00C1160F /* AppDelegate.swift */ = {isa = PBXFileReference; lastKnownFileType = sourcecode.swift; path = AppDelegate.swift; sourceTree = "<group>"; };
		954CE6791EE0AB6F00C1160F /* KidsViewController.swift */ = {isa = PBXFileReference; lastKnownFileType = sourcecode.swift; path = KidsViewController.swift; sourceTree = "<group>"; };
		954CE67C1EE0AB6F00C1160F /* Base */ = {isa = PBXFileReference; lastKnownFileType = file.storyboard; name = Base; path = Base.lproj/Main.storyboard; sourceTree = "<group>"; };
		954CE67F1EE0AB6F00C1160F /* KidInfo.xcdatamodel */ = {isa = PBXFileReference; lastKnownFileType = wrapper.xcdatamodel; path = KidInfo.xcdatamodel; sourceTree = "<group>"; };
		954CE6811EE0AB6F00C1160F /* Assets.xcassets */ = {isa = PBXFileReference; lastKnownFileType = folder.assetcatalog; path = Assets.xcassets; sourceTree = "<group>"; };
		954CE6841EE0AB6F00C1160F /* Base */ = {isa = PBXFileReference; lastKnownFileType = file.storyboard; name = Base; path = Base.lproj/LaunchScreen.storyboard; sourceTree = "<group>"; };
		954CE6861EE0AB6F00C1160F /* Info.plist */ = {isa = PBXFileReference; lastKnownFileType = text.plist.xml; path = Info.plist; sourceTree = "<group>"; };
		954CE6901EE0EEB700C1160F /* KidInfoViewController.swift */ = {isa = PBXFileReference; fileEncoding = 4; lastKnownFileType = sourcecode.swift; path = KidInfoViewController.swift; sourceTree = "<group>"; };
		954CE6921EE1E4FD00C1160F /* KidTableViewCell.swift */ = {isa = PBXFileReference; fileEncoding = 4; lastKnownFileType = sourcecode.swift; path = KidTableViewCell.swift; sourceTree = "<group>"; };
		95630AE11F24273F00B45A08 /* SettingsViewController.swift */ = {isa = PBXFileReference; fileEncoding = 4; lastKnownFileType = sourcecode.swift; path = SettingsViewController.swift; sourceTree = "<group>"; };
		95630AE71F24348000B45A08 /* KidInfo.entitlements */ = {isa = PBXFileReference; lastKnownFileType = text.plist.entitlements; path = KidInfo.entitlements; sourceTree = "<group>"; };
		959C6B1C1EEAE38D00C32353 /* DoctorViewController.swift */ = {isa = PBXFileReference; fileEncoding = 4; lastKnownFileType = sourcecode.swift; path = DoctorViewController.swift; sourceTree = "<group>"; };
		95CA48DD1EF0063D00401E07 /* WeightViewController.swift */ = {isa = PBXFileReference; fileEncoding = 4; lastKnownFileType = sourcecode.swift; path = WeightViewController.swift; sourceTree = "<group>"; };
		95CA48DF1EF0078900401E07 /* HeightViewController.swift */ = {isa = PBXFileReference; fileEncoding = 4; lastKnownFileType = sourcecode.swift; path = HeightViewController.swift; sourceTree = "<group>"; };
		95CA48E11EF062B400401E07 /* WeightTableViewCell.swift */ = {isa = PBXFileReference; fileEncoding = 4; lastKnownFileType = sourcecode.swift; path = WeightTableViewCell.swift; sourceTree = "<group>"; };
		95CA48E31EF063B100401E07 /* HeightTableViewCell.swift */ = {isa = PBXFileReference; fileEncoding = 4; lastKnownFileType = sourcecode.swift; path = HeightTableViewCell.swift; sourceTree = "<group>"; };
		95CA48E51EF4BD0100401E07 /* WeightGrowthChartViewController.swift */ = {isa = PBXFileReference; fileEncoding = 4; lastKnownFileType = sourcecode.swift; path = WeightGrowthChartViewController.swift; sourceTree = "<group>"; };
		95CA48E71EF4BD5200401E07 /* HeightGrowthChartViewController.swift */ = {isa = PBXFileReference; fileEncoding = 4; lastKnownFileType = sourcecode.swift; path = HeightGrowthChartViewController.swift; sourceTree = "<group>"; };
		95CA48E91EF4BF2100401E07 /* WeightTabBarController.swift */ = {isa = PBXFileReference; fileEncoding = 4; lastKnownFileType = sourcecode.swift; path = WeightTabBarController.swift; sourceTree = "<group>"; };
		95CA48EB1EF4C33500401E07 /* HeightTabBarController.swift */ = {isa = PBXFileReference; fileEncoding = 4; lastKnownFileType = sourcecode.swift; path = HeightTabBarController.swift; sourceTree = "<group>"; };
/* End PBXFileReference section */

/* Begin PBXFrameworksBuildPhase section */
		954CE6711EE0AB6F00C1160F /* Frameworks */ = {
			isa = PBXFrameworksBuildPhase;
			buildActionMask = 2147483647;
			files = (
			);
			runOnlyForDeploymentPostprocessing = 0;
		};
/* End PBXFrameworksBuildPhase section */

/* Begin PBXGroup section */
		951FEF1B1EF6D1F000067E1C /* Weight */ = {
			isa = PBXGroup;
			children = (
				95CA48E51EF4BD0100401E07 /* WeightGrowthChartViewController.swift */,
				95CA48E91EF4BF2100401E07 /* WeightTabBarController.swift */,
				95CA48E11EF062B400401E07 /* WeightTableViewCell.swift */,
				95CA48DD1EF0063D00401E07 /* WeightViewController.swift */,
			);
			name = Weight;
			sourceTree = "<group>";
		};
		951FEF1D1EF6D1FF00067E1C /* Height */ = {
			isa = PBXGroup;
			children = (
				95CA48E71EF4BD5200401E07 /* HeightGrowthChartViewController.swift */,
				95CA48EB1EF4C33500401E07 /* HeightTabBarController.swift */,
				95CA48E31EF063B100401E07 /* HeightTableViewCell.swift */,
				95CA48DF1EF0078900401E07 /* HeightViewController.swift */,
			);
			name = Height;
			sourceTree = "<group>";
		};
		951FEF1E1EF6D23900067E1C /* Kids */ = {
			isa = PBXGroup;
			children = (
				954CE6901EE0EEB700C1160F /* KidInfoViewController.swift */,
				954CE6791EE0AB6F00C1160F /* KidsViewController.swift */,
				954CE6921EE1E4FD00C1160F /* KidTableViewCell.swift */,
			);
			name = Kids;
			sourceTree = "<group>";
		};
		951FEF1F1EF6D24500067E1C /* Allergy */ = {
			isa = PBXGroup;
			children = (
				9537B1C71EE878DF00CF5E1B /* AllergyViewController.swift */,
			);
			name = Allergy;
			sourceTree = "<group>";
		};
		951FEF201EF6D25100067E1C /* Doctor */ = {
			isa = PBXGroup;
			children = (
				959C6B1C1EEAE38D00C32353 /* DoctorViewController.swift */,
			);
			name = Doctor;
			sourceTree = "<group>";
		};
		951FEF231EF758BD00067E1C /* Medication */ = {
			isa = PBXGroup;
			children = (
				951FEF251EF85EAD00067E1C /* MedicationViewController.swift */,
			);
			name = Medication;
			sourceTree = "<group>";
		};
		954CE66B1EE0AB6F00C1160F = {
			isa = PBXGroup;
			children = (
				954CE6761EE0AB6F00C1160F /* KidInfo */,
				DC4192AF4663B11DC5674548 /* Frameworks */,
				954CE6751EE0AB6F00C1160F /* Products */,
				F8869DB84E32D39231E20423 /* Pods */,
			);
			sourceTree = "<group>";
		};
		954CE6751EE0AB6F00C1160F /* Products */ = {
			isa = PBXGroup;
			children = (
				954CE6741EE0AB6F00C1160F /* KidInfo.app */,
			);
			name = Products;
			sourceTree = "<group>";
		};
		954CE6761EE0AB6F00C1160F /* KidInfo */ = {
			isa = PBXGroup;
			children = (
				95630AE71F24348000B45A08 /* KidInfo.entitlements */,
				954CE68D1EE0EB7B00C1160F /* ViewControllers */,
				954CE68C1EE0EB7300C1160F /* classes */,
				954CE6771EE0AB6F00C1160F /* AppDelegate.swift */,
				954CE67B1EE0AB6F00C1160F /* Main.storyboard */,
				954CE6811EE0AB6F00C1160F /* Assets.xcassets */,
				954CE6831EE0AB6F00C1160F /* LaunchScreen.storyboard */,
				954CE6861EE0AB6F00C1160F /* Info.plist */,
				954CE67E1EE0AB6F00C1160F /* KidInfo.xcdatamodeld */,
			);
			path = KidInfo;
			sourceTree = "<group>";
		};
		954CE68C1EE0EB7300C1160F /* classes */ = {
			isa = PBXGroup;
			children = (
			);
			name = classes;
			sourceTree = "<group>";
		};
		954CE68D1EE0EB7B00C1160F /* ViewControllers */ = {
			isa = PBXGroup;
			children = (
				951FEF1F1EF6D24500067E1C /* Allergy */,
				951FEF201EF6D25100067E1C /* Doctor */,
				951FEF1D1EF6D1FF00067E1C /* Height */,
				951FEF1E1EF6D23900067E1C /* Kids */,
				951FEF231EF758BD00067E1C /* Medication */,
				95630AE41F24278700B45A08 /* Settings */,
				951FEF1B1EF6D1F000067E1C /* Weight */,
			);
			name = ViewControllers;
			sourceTree = "<group>";
		};
		95630AE41F24278700B45A08 /* Settings */ = {
			isa = PBXGroup;
			children = (
				95630AE11F24273F00B45A08 /* SettingsViewController.swift */,
			);
			name = Settings;
			sourceTree = "<group>";
		};
		DC4192AF4663B11DC5674548 /* Frameworks */ = {
			isa = PBXGroup;
			children = (
			);
			name = Frameworks;
			sourceTree = "<group>";
		};
		F8869DB84E32D39231E20423 /* Pods */ = {
			isa = PBXGroup;
			children = (
				08D19F6676E8E21014BC5138 /* Pods-KidInfo.debug.xcconfig */,
				4FCBCEB6AC02F164624D6B9A /* Pods-KidInfo.release.xcconfig */,
			);
			name = Pods;
			sourceTree = "<group>";
		};
/* End PBXGroup section */

/* Begin PBXNativeTarget section */
		954CE6731EE0AB6F00C1160F /* KidInfo */ = {
			isa = PBXNativeTarget;
			buildConfigurationList = 954CE6891EE0AB6F00C1160F /* Build configuration list for PBXNativeTarget "KidInfo" */;
			buildPhases = (
				030EC982383CE7A0D7D5DA75 /* [CP] Check Pods Manifest.lock */,
				954CE6701EE0AB6F00C1160F /* Sources */,
				954CE6711EE0AB6F00C1160F /* Frameworks */,
				954CE6721EE0AB6F00C1160F /* Resources */,
				AB1794D27A4DB7FB3ECBF4A6 /* [CP] Embed Pods Frameworks */,
				AEC15570FD57CAB98D99BDAD /* [CP] Copy Pods Resources */,
			);
			buildRules = (
			);
			dependencies = (
			);
			name = KidInfo;
			productName = KidInfo;
			productReference = 954CE6741EE0AB6F00C1160F /* KidInfo.app */;
			productType = "com.apple.product-type.application";
		};
/* End PBXNativeTarget section */

/* Begin PBXProject section */
		954CE66C1EE0AB6F00C1160F /* Project object */ = {
			isa = PBXProject;
			attributes = {
				LastSwiftUpdateCheck = 0830;
				LastUpgradeCheck = 0900;
				ORGANIZATIONNAME = "Chris Manciero";
				TargetAttributes = {
					954CE6731EE0AB6F00C1160F = {
						CreatedOnToolsVersion = 8.3.2;
						DevelopmentTeam = YZSE9EKZ5C;
						LastSwiftMigration = 0900;
						ProvisioningStyle = Automatic;
						SystemCapabilities = {
							com.apple.Keychain = {
								enabled = 1;
							};
						};
					};
				};
			};
			buildConfigurationList = 954CE66F1EE0AB6F00C1160F /* Build configuration list for PBXProject "KidInfo" */;
			compatibilityVersion = "Xcode 3.2";
			developmentRegion = English;
			hasScannedForEncodings = 0;
			knownRegions = (
				en,
				Base,
			);
			mainGroup = 954CE66B1EE0AB6F00C1160F;
			productRefGroup = 954CE6751EE0AB6F00C1160F /* Products */;
			projectDirPath = "";
			projectRoot = "";
			targets = (
				954CE6731EE0AB6F00C1160F /* KidInfo */,
			);
		};
/* End PBXProject section */

/* Begin PBXResourcesBuildPhase section */
		954CE6721EE0AB6F00C1160F /* Resources */ = {
			isa = PBXResourcesBuildPhase;
			buildActionMask = 2147483647;
			files = (
				954CE6851EE0AB6F00C1160F /* LaunchScreen.storyboard in Resources */,
				954CE6821EE0AB6F00C1160F /* Assets.xcassets in Resources */,
				954CE67D1EE0AB6F00C1160F /* Main.storyboard in Resources */,
			);
			runOnlyForDeploymentPostprocessing = 0;
		};
/* End PBXResourcesBuildPhase section */

/* Begin PBXShellScriptBuildPhase section */
		030EC982383CE7A0D7D5DA75 /* [CP] Check Pods Manifest.lock */ = {
			isa = PBXShellScriptBuildPhase;
			buildActionMask = 2147483647;
			files = (
			);
			inputPaths = (
			);
			name = "[CP] Check Pods Manifest.lock";
			outputPaths = (
			);
			runOnlyForDeploymentPostprocessing = 0;
			shellPath = /bin/sh;
			shellScript = "diff \"${PODS_PODFILE_DIR_PATH}/Podfile.lock\" \"${PODS_ROOT}/Manifest.lock\" > /dev/null\nif [ $? != 0 ] ; then\n    # print error to STDERR\n    echo \"error: The sandbox is not in sync with the Podfile.lock. Run 'pod install' or update your CocoaPods installation.\" >&2\n    exit 1\nfi\n";
			showEnvVarsInLog = 0;
		};
		AB1794D27A4DB7FB3ECBF4A6 /* [CP] Embed Pods Frameworks */ = {
			isa = PBXShellScriptBuildPhase;
			buildActionMask = 2147483647;
			files = (
			);
			inputPaths = (
			);
			name = "[CP] Embed Pods Frameworks";
			outputPaths = (
			);
			runOnlyForDeploymentPostprocessing = 0;
			shellPath = /bin/sh;
			shellScript = "\"${SRCROOT}/Pods/Target Support Files/Pods-KidInfo/Pods-KidInfo-frameworks.sh\"\n";
			showEnvVarsInLog = 0;
		};
		AEC15570FD57CAB98D99BDAD /* [CP] Copy Pods Resources */ = {
			isa = PBXShellScriptBuildPhase;
			buildActionMask = 2147483647;
			files = (
			);
			inputPaths = (
			);
			name = "[CP] Copy Pods Resources";
			outputPaths = (
			);
			runOnlyForDeploymentPostprocessing = 0;
			shellPath = /bin/sh;
			shellScript = "\"${SRCROOT}/Pods/Target Support Files/Pods-KidInfo/Pods-KidInfo-resources.sh\"\n";
			showEnvVarsInLog = 0;
		};
/* End PBXShellScriptBuildPhase section */

/* Begin PBXSourcesBuildPhase section */
		954CE6701EE0AB6F00C1160F /* Sources */ = {
			isa = PBXSourcesBuildPhase;
			buildActionMask = 2147483647;
			files = (
				954CE67A1EE0AB6F00C1160F /* KidsViewController.swift in Sources */,
				9537B1C81EE878DF00CF5E1B /* AllergyViewController.swift in Sources */,
				95CA48E01EF0078900401E07 /* HeightViewController.swift in Sources */,
				959C6B1D1EEAE38D00C32353 /* DoctorViewController.swift in Sources */,
				954CE6911EE0EEB700C1160F /* KidInfoViewController.swift in Sources */,
				951FEF261EF85EAD00067E1C /* MedicationViewController.swift in Sources */,
				95CA48DE1EF0063D00401E07 /* WeightViewController.swift in Sources */,
				954CE6781EE0AB6F00C1160F /* AppDelegate.swift in Sources */,
				95CA48EC1EF4C33500401E07 /* HeightTabBarController.swift in Sources */,
				95CA48E41EF063B100401E07 /* HeightTableViewCell.swift in Sources */,
				95CA48E61EF4BD0100401E07 /* WeightGrowthChartViewController.swift in Sources */,
				954CE6931EE1E4FD00C1160F /* KidTableViewCell.swift in Sources */,
				95630AE21F24273F00B45A08 /* SettingsViewController.swift in Sources */,
				954CE6801EE0AB6F00C1160F /* KidInfo.xcdatamodeld in Sources */,
				95CA48E21EF062B400401E07 /* WeightTableViewCell.swift in Sources */,
				95CA48E81EF4BD5200401E07 /* HeightGrowthChartViewController.swift in Sources */,
				95CA48EA1EF4BF2100401E07 /* WeightTabBarController.swift in Sources */,
			);
			runOnlyForDeploymentPostprocessing = 0;
		};
/* End PBXSourcesBuildPhase section */

/* Begin PBXVariantGroup section */
		954CE67B1EE0AB6F00C1160F /* Main.storyboard */ = {
			isa = PBXVariantGroup;
			children = (
				954CE67C1EE0AB6F00C1160F /* Base */,
			);
			name = Main.storyboard;
			sourceTree = "<group>";
		};
		954CE6831EE0AB6F00C1160F /* LaunchScreen.storyboard */ = {
			isa = PBXVariantGroup;
			children = (
				954CE6841EE0AB6F00C1160F /* Base */,
			);
			name = LaunchScreen.storyboard;
			sourceTree = "<group>";
		};
/* End PBXVariantGroup section */

/* Begin XCBuildConfiguration section */
		954CE6871EE0AB6F00C1160F /* Debug */ = {
			isa = XCBuildConfiguration;
			buildSettings = {
				ALWAYS_SEARCH_USER_PATHS = NO;
				CLANG_ANALYZER_NONNULL = YES;
				CLANG_ANALYZER_NUMBER_OBJECT_CONVERSION = YES_AGGRESSIVE;
				CLANG_CXX_LANGUAGE_STANDARD = "gnu++0x";
				CLANG_CXX_LIBRARY = "libc++";
				CLANG_ENABLE_MODULES = YES;
				CLANG_ENABLE_OBJC_ARC = YES;
				CLANG_WARN_BLOCK_CAPTURE_AUTORELEASING = YES;
				CLANG_WARN_BOOL_CONVERSION = YES;
				CLANG_WARN_COMMA = YES;
				CLANG_WARN_CONSTANT_CONVERSION = YES;
				CLANG_WARN_DIRECT_OBJC_ISA_USAGE = YES_ERROR;
				CLANG_WARN_DOCUMENTATION_COMMENTS = YES;
				CLANG_WARN_EMPTY_BODY = YES;
				CLANG_WARN_ENUM_CONVERSION = YES;
				CLANG_WARN_INFINITE_RECURSION = YES;
				CLANG_WARN_INT_CONVERSION = YES;
				CLANG_WARN_NON_LITERAL_NULL_CONVERSION = YES;
				CLANG_WARN_OBJC_LITERAL_CONVERSION = YES;
				CLANG_WARN_OBJC_ROOT_CLASS = YES_ERROR;
				CLANG_WARN_RANGE_LOOP_ANALYSIS = YES;
				CLANG_WARN_STRICT_PROTOTYPES = YES;
				CLANG_WARN_SUSPICIOUS_MOVE = YES;
				CLANG_WARN_UNREACHABLE_CODE = YES;
				CLANG_WARN__DUPLICATE_METHOD_MATCH = YES;
				"CODE_SIGN_IDENTITY[sdk=iphoneos*]" = "iPhone Developer";
				COPY_PHASE_STRIP = NO;
				DEBUG_INFORMATION_FORMAT = dwarf;
				ENABLE_STRICT_OBJC_MSGSEND = YES;
				ENABLE_TESTABILITY = YES;
				GCC_C_LANGUAGE_STANDARD = gnu99;
				GCC_DYNAMIC_NO_PIC = NO;
				GCC_NO_COMMON_BLOCKS = YES;
				GCC_OPTIMIZATION_LEVEL = 0;
				GCC_PREPROCESSOR_DEFINITIONS = (
					"DEBUG=1",
					"$(inherited)",
				);
				GCC_WARN_64_TO_32_BIT_CONVERSION = YES;
				GCC_WARN_ABOUT_RETURN_TYPE = YES_ERROR;
				GCC_WARN_UNDECLARED_SELECTOR = YES;
				GCC_WARN_UNINITIALIZED_AUTOS = YES_AGGRESSIVE;
				GCC_WARN_UNUSED_FUNCTION = YES;
				GCC_WARN_UNUSED_VARIABLE = YES;
				IPHONEOS_DEPLOYMENT_TARGET = 10.3;
				MTL_ENABLE_DEBUG_INFO = YES;
				ONLY_ACTIVE_ARCH = YES;
				SDKROOT = iphoneos;
				SWIFT_ACTIVE_COMPILATION_CONDITIONS = DEBUG;
				SWIFT_OPTIMIZATION_LEVEL = "-Onone";
				TARGETED_DEVICE_FAMILY = "1,2";
			};
			name = Debug;
		};
		954CE6881EE0AB6F00C1160F /* Release */ = {
			isa = XCBuildConfiguration;
			buildSettings = {
				ALWAYS_SEARCH_USER_PATHS = NO;
				CLANG_ANALYZER_NONNULL = YES;
				CLANG_ANALYZER_NUMBER_OBJECT_CONVERSION = YES_AGGRESSIVE;
				CLANG_CXX_LANGUAGE_STANDARD = "gnu++0x";
				CLANG_CXX_LIBRARY = "libc++";
				CLANG_ENABLE_MODULES = YES;
				CLANG_ENABLE_OBJC_ARC = YES;
				CLANG_WARN_BLOCK_CAPTURE_AUTORELEASING = YES;
				CLANG_WARN_BOOL_CONVERSION = YES;
				CLANG_WARN_COMMA = YES;
				CLANG_WARN_CONSTANT_CONVERSION = YES;
				CLANG_WARN_DIRECT_OBJC_ISA_USAGE = YES_ERROR;
				CLANG_WARN_DOCUMENTATION_COMMENTS = YES;
				CLANG_WARN_EMPTY_BODY = YES;
				CLANG_WARN_ENUM_CONVERSION = YES;
				CLANG_WARN_INFINITE_RECURSION = YES;
				CLANG_WARN_INT_CONVERSION = YES;
				CLANG_WARN_NON_LITERAL_NULL_CONVERSION = YES;
				CLANG_WARN_OBJC_LITERAL_CONVERSION = YES;
				CLANG_WARN_OBJC_ROOT_CLASS = YES_ERROR;
				CLANG_WARN_RANGE_LOOP_ANALYSIS = YES;
				CLANG_WARN_STRICT_PROTOTYPES = YES;
				CLANG_WARN_SUSPICIOUS_MOVE = YES;
				CLANG_WARN_UNREACHABLE_CODE = YES;
				CLANG_WARN__DUPLICATE_METHOD_MATCH = YES;
				"CODE_SIGN_IDENTITY[sdk=iphoneos*]" = "iPhone Developer";
				COPY_PHASE_STRIP = NO;
				DEBUG_INFORMATION_FORMAT = "dwarf-with-dsym";
				ENABLE_NS_ASSERTIONS = NO;
				ENABLE_STRICT_OBJC_MSGSEND = YES;
				GCC_C_LANGUAGE_STANDARD = gnu99;
				GCC_NO_COMMON_BLOCKS = YES;
				GCC_WARN_64_TO_32_BIT_CONVERSION = YES;
				GCC_WARN_ABOUT_RETURN_TYPE = YES_ERROR;
				GCC_WARN_UNDECLARED_SELECTOR = YES;
				GCC_WARN_UNINITIALIZED_AUTOS = YES_AGGRESSIVE;
				GCC_WARN_UNUSED_FUNCTION = YES;
				GCC_WARN_UNUSED_VARIABLE = YES;
				IPHONEOS_DEPLOYMENT_TARGET = 10.3;
				MTL_ENABLE_DEBUG_INFO = NO;
				SDKROOT = iphoneos;
				SWIFT_OPTIMIZATION_LEVEL = "-Owholemodule";
				TARGETED_DEVICE_FAMILY = "1,2";
				VALIDATE_PRODUCT = YES;
			};
			name = Release;
		};
		954CE68A1EE0AB6F00C1160F /* Debug */ = {
			isa = XCBuildConfiguration;
			baseConfigurationReference = 08D19F6676E8E21014BC5138 /* Pods-KidInfo.debug.xcconfig */;
			buildSettings = {
				ASSETCATALOG_COMPILER_APPICON_NAME = AppIcon;
				CODE_SIGN_ENTITLEMENTS = KidInfo/KidInfo.entitlements;
				DEVELOPMENT_TEAM = YZSE9EKZ5C;
				INFOPLIST_FILE = KidInfo/Info.plist;
				LD_RUNPATH_SEARCH_PATHS = "$(inherited) @executable_path/Frameworks";
				PRODUCT_BUNDLE_IDENTIFIER = com.chrismanciero.KidInfo;
				PRODUCT_NAME = "$(TARGET_NAME)";
				SWIFT_SWIFT3_OBJC_INFERENCE = On;
				SWIFT_VERSION = 4.0;
			};
			name = Debug;
		};
		954CE68B1EE0AB6F00C1160F /* Release */ = {
			isa = XCBuildConfiguration;
			baseConfigurationReference = 4FCBCEB6AC02F164624D6B9A /* Pods-KidInfo.release.xcconfig */;
			buildSettings = {
				ASSETCATALOG_COMPILER_APPICON_NAME = AppIcon;
				CODE_SIGN_ENTITLEMENTS = KidInfo/KidInfo.entitlements;
				DEVELOPMENT_TEAM = YZSE9EKZ5C;
				INFOPLIST_FILE = KidInfo/Info.plist;
				LD_RUNPATH_SEARCH_PATHS = "$(inherited) @executable_path/Frameworks";
				PRODUCT_BUNDLE_IDENTIFIER = com.chrismanciero.KidInfo;
				PRODUCT_NAME = "$(TARGET_NAME)";
				SWIFT_SWIFT3_OBJC_INFERENCE = On;
				SWIFT_VERSION = 4.0;
			};
			name = Release;
		};
/* End XCBuildConfiguration section */

/* Begin XCConfigurationList section */
		954CE66F1EE0AB6F00C1160F /* Build configuration list for PBXProject "KidInfo" */ = {
			isa = XCConfigurationList;
			buildConfigurations = (
				954CE6871EE0AB6F00C1160F /* Debug */,
				954CE6881EE0AB6F00C1160F /* Release */,
			);
			defaultConfigurationIsVisible = 0;
			defaultConfigurationName = Release;
		};
		954CE6891EE0AB6F00C1160F /* Build configuration list for PBXNativeTarget "KidInfo" */ = {
			isa = XCConfigurationList;
			buildConfigurations = (
				954CE68A1EE0AB6F00C1160F /* Debug */,
				954CE68B1EE0AB6F00C1160F /* Release */,
			);
			defaultConfigurationIsVisible = 0;
			defaultConfigurationName = Release;
		};
/* End XCConfigurationList section */

/* Begin XCVersionGroup section */
		954CE67E1EE0AB6F00C1160F /* KidInfo.xcdatamodeld */ = {
			isa = XCVersionGroup;
			children = (
				954CE67F1EE0AB6F00C1160F /* KidInfo.xcdatamodel */,
			);
			currentVersion = 954CE67F1EE0AB6F00C1160F /* KidInfo.xcdatamodel */;
			path = KidInfo.xcdatamodeld;
			sourceTree = "<group>";
			versionGroupType = wrapper.xcdatamodel;
		};
/* End XCVersionGroup section */
	};
	rootObject = 954CE66C1EE0AB6F00C1160F /* Project object */;
}
